
Microsoft Visual Studio Solution File, Format Version 12.00
# Visual Studio Version 16
VisualStudioVersion = 16.0.29806.167
MinimumVisualStudioVersion = 10.0.40219.1
Project("{FAE04EC0-301F-11D3-BF4B-00C04F79EFBC}") = "Clowd", "Clowd\Clowd.csproj", "{24FDFCC0-C491-412E-8EFA-E6CC352523DA}"
EndProject
Project("{FAE04EC0-301F-11D3-BF4B-00C04F79EFBC}") = "DrawToolsLib", "DrawToolsLib\DrawToolsLib.csproj", "{04456DDE-AF72-4B83-9132-5AFC5F89CC76}"
EndProject
Project("{2150E333-8FDC-42A3-9474-1A3956D46DE8}") = "tools", "tools", "{146C3FD8-4884-4306-A2FC-15A2646F660D}"
	ProjectSection(SolutionItems) = preProject
		Rebracer.xml = Rebracer.xml
		WebEssentials2015-Settings.json = WebEssentials2015-Settings.json
	EndProjectSection
EndProject
Project("{2150E333-8FDC-42A3-9474-1A3956D46DE8}") = "installer", "installer", "{3D42A167-79FD-4414-A464-8F618F79D1E5}"
	ProjectSection(SolutionItems) = preProject
		tools\installer\clowd.iss = tools\installer\clowd.iss
	EndProjectSection
EndProject
Project("{FAE04EC0-301F-11D3-BF4B-00C04F79EFBC}") = "Clowd.Interop", "Clowd.Interop\Clowd.Interop.csproj", "{A2DA076B-EEBA-4D4A-88EC-9BB9C960F552}"
EndProject
Project("{FAE04EC0-301F-11D3-BF4B-00C04F79EFBC}") = "NotifyIconLib", "NotifyIconLib\NotifyIconLib.csproj", "{7AC63864-7638-41C4-969C-D3197EF2BED9}"
EndProject
Project("{2150E333-8FDC-42A3-9474-1A3956D46DE8}") = "images", "images", "{653A10B8-7627-4805-9FEC-2DCDD516A0EC}"
	ProjectSection(SolutionItems) = preProject
		tools\installer\images\clowd-120.bmp = tools\installer\images\clowd-120.bmp
		tools\installer\images\clowd-144.bmp = tools\installer\images\clowd-144.bmp
		tools\installer\images\clowd-168.bmp = tools\installer\images\clowd-168.bmp
		tools\installer\images\clowd-96.bmp = tools\installer\images\clowd-96.bmp
		tools\installer\images\clowd-small-120.bmp = tools\installer\images\clowd-small-120.bmp
		tools\installer\images\clowd-small-144.bmp = tools\installer\images\clowd-small-144.bmp
		tools\installer\images\clowd-small-168.bmp = tools\installer\images\clowd-small-168.bmp
		tools\installer\images\clowd-small-96.bmp = tools\installer\images\clowd-small-96.bmp
		tools\installer\images\clowd.ico = tools\installer\images\clowd.ico
	EndProjectSection
EndProject
Project("{FAE04EC0-301F-11D3-BF4B-00C04F79EFBC}") = "NAppUpdate.Framework", "NAppUpdate.Framework\NAppUpdate.Framework.csproj", "{5C07EBDF-D43F-4BE9-B560-D7A443C0EDCE}"
EndProject
Project("{FAE04EC0-301F-11D3-BF4B-00C04F79EFBC}") = "NAppUpdate.Updater", "NAppUpdate.Updater\NAppUpdate.Updater.csproj", "{7D4D18D4-DBD2-4ADC-9D82-397D6C5E9F40}"
EndProject
Project("{FAE04EC0-301F-11D3-BF4B-00C04F79EFBC}") = "PropertyTools.Wpf", "PropertyTools.Wpf\PropertyTools.Wpf.csproj", "{7168F82F-288A-42C4-9EB1-FBBE5112F211}"
EndProject
Project("{2150E333-8FDC-42A3-9474-1A3956D46DE8}") = "third-party", "third-party", "{186217DA-744C-45D7-A040-67A279EE34C8}"
EndProject
Project("{FAE04EC0-301F-11D3-BF4B-00C04F79EFBC}") = "Clowd.Shared", "..\clowd-shared\Clowd.Shared.csproj", "{CEE54535-42AB-4A2F-BA30-25E576736AC0}"
EndProject
Project("{FAE04EC0-301F-11D3-BF4B-00C04F79EFBC}") = "FileUploadLib", "FileUploadLib\FileUploadLib.csproj", "{41D2687F-03B5-4D2E-8992-633CCC0290F8}"
EndProject
Project("{FAE04EC0-301F-11D3-BF4B-00C04F79EFBC}") = "NReco.VideoConverter", "NReco.VideoConverter\NReco.VideoConverter.csproj", "{2B2EBE52-3253-4A47-B787-2164732A2CA4}"
EndProject
Project("{FAE04EC0-301F-11D3-BF4B-00C04F79EFBC}") = "Clowd.Installer", "Clowd.Installer\Clowd.Installer.csproj", "{AD6FD9E3-3C83-432E-9F19-74C71E881FE4}"
EndProject
Project("{FAE04EC0-301F-11D3-BF4B-00C04F79EFBC}") = "Cyotek.Windows.Forms.ColorPicker", "Cyotek.Windows.Forms.ColorPicker\Cyotek.Windows.Forms.ColorPicker.csproj", "{FB2A5786-CD2E-42CE-BC5D-0FCE90034221}"
EndProject
Project("{FAE04EC0-301F-11D3-BF4B-00C04F79EFBC}") = "Ookii.Dialogs.Wpf", "Ookii.Dialogs.Wpf\Ookii.Dialogs.Wpf.csproj", "{D01B1D20-8F5B-4834-8E5C-C7EC6DD587D4}"
EndProject
Project("{FAE04EC0-301F-11D3-BF4B-00C04F79EFBC}") = "Clowd.Com", "Clowd.Com\Clowd.Com.csproj", "{B618E67B-64C8-48E9-9F94-F13214B76808}"
EndProject
Global
	GlobalSection(SolutionConfigurationPlatforms) = preSolution
		Debug|Any CPU = Debug|Any CPU
		Debug|x64 = Debug|x64
		Debug|x86 = Debug|x86
		Release|Any CPU = Release|Any CPU
		Release|x64 = Release|x64
		Release|x86 = Release|x86
	EndGlobalSection
	GlobalSection(ProjectConfigurationPlatforms) = postSolution
		{24FDFCC0-C491-412E-8EFA-E6CC352523DA}.Debug|Any CPU.ActiveCfg = Debug|Any CPU
		{24FDFCC0-C491-412E-8EFA-E6CC352523DA}.Debug|Any CPU.Build.0 = Debug|Any CPU
		{24FDFCC0-C491-412E-8EFA-E6CC352523DA}.Debug|x64.ActiveCfg = Debug|Any CPU
		{24FDFCC0-C491-412E-8EFA-E6CC352523DA}.Debug|x64.Build.0 = Debug|Any CPU
		{24FDFCC0-C491-412E-8EFA-E6CC352523DA}.Debug|x86.ActiveCfg = Debug|Any CPU
		{24FDFCC0-C491-412E-8EFA-E6CC352523DA}.Debug|x86.Build.0 = Debug|Any CPU
		{24FDFCC0-C491-412E-8EFA-E6CC352523DA}.Release|Any CPU.ActiveCfg = Release|Any CPU
		{24FDFCC0-C491-412E-8EFA-E6CC352523DA}.Release|Any CPU.Build.0 = Release|Any CPU
		{24FDFCC0-C491-412E-8EFA-E6CC352523DA}.Release|x64.ActiveCfg = Release|Any CPU
		{24FDFCC0-C491-412E-8EFA-E6CC352523DA}.Release|x64.Build.0 = Release|Any CPU
		{24FDFCC0-C491-412E-8EFA-E6CC352523DA}.Release|x86.ActiveCfg = Release|Any CPU
		{24FDFCC0-C491-412E-8EFA-E6CC352523DA}.Release|x86.Build.0 = Release|Any CPU
		{04456DDE-AF72-4B83-9132-5AFC5F89CC76}.Debug|Any CPU.ActiveCfg = Debug|Any CPU
		{04456DDE-AF72-4B83-9132-5AFC5F89CC76}.Debug|Any CPU.Build.0 = Debug|Any CPU
		{04456DDE-AF72-4B83-9132-5AFC5F89CC76}.Debug|x64.ActiveCfg = Debug|Any CPU
		{04456DDE-AF72-4B83-9132-5AFC5F89CC76}.Debug|x64.Build.0 = Debug|Any CPU
		{04456DDE-AF72-4B83-9132-5AFC5F89CC76}.Debug|x86.ActiveCfg = Debug|Any CPU
		{04456DDE-AF72-4B83-9132-5AFC5F89CC76}.Debug|x86.Build.0 = Debug|Any CPU
		{04456DDE-AF72-4B83-9132-5AFC5F89CC76}.Release|Any CPU.ActiveCfg = Release|Any CPU
		{04456DDE-AF72-4B83-9132-5AFC5F89CC76}.Release|Any CPU.Build.0 = Release|Any CPU
		{04456DDE-AF72-4B83-9132-5AFC5F89CC76}.Release|x64.ActiveCfg = Release|Any CPU
		{04456DDE-AF72-4B83-9132-5AFC5F89CC76}.Release|x64.Build.0 = Release|Any CPU
		{04456DDE-AF72-4B83-9132-5AFC5F89CC76}.Release|x86.ActiveCfg = Release|Any CPU
		{04456DDE-AF72-4B83-9132-5AFC5F89CC76}.Release|x86.Build.0 = Release|Any CPU
		{A2DA076B-EEBA-4D4A-88EC-9BB9C960F552}.Debug|Any CPU.ActiveCfg = Debug|Any CPU
		{A2DA076B-EEBA-4D4A-88EC-9BB9C960F552}.Debug|Any CPU.Build.0 = Debug|Any CPU
		{A2DA076B-EEBA-4D4A-88EC-9BB9C960F552}.Debug|x64.ActiveCfg = Debug|Any CPU
		{A2DA076B-EEBA-4D4A-88EC-9BB9C960F552}.Debug|x64.Build.0 = Debug|Any CPU
		{A2DA076B-EEBA-4D4A-88EC-9BB9C960F552}.Debug|x86.ActiveCfg = Debug|Any CPU
		{A2DA076B-EEBA-4D4A-88EC-9BB9C960F552}.Debug|x86.Build.0 = Debug|Any CPU
		{A2DA076B-EEBA-4D4A-88EC-9BB9C960F552}.Release|Any CPU.ActiveCfg = Release|Any CPU
		{A2DA076B-EEBA-4D4A-88EC-9BB9C960F552}.Release|Any CPU.Build.0 = Release|Any CPU
		{A2DA076B-EEBA-4D4A-88EC-9BB9C960F552}.Release|x64.ActiveCfg = Release|Any CPU
		{A2DA076B-EEBA-4D4A-88EC-9BB9C960F552}.Release|x64.Build.0 = Release|Any CPU
		{A2DA076B-EEBA-4D4A-88EC-9BB9C960F552}.Release|x86.ActiveCfg = Release|Any CPU
		{A2DA076B-EEBA-4D4A-88EC-9BB9C960F552}.Release|x86.Build.0 = Release|Any CPU
		{7AC63864-7638-41C4-969C-D3197EF2BED9}.Debug|Any CPU.ActiveCfg = Debug|Any CPU
		{7AC63864-7638-41C4-969C-D3197EF2BED9}.Debug|Any CPU.Build.0 = Debug|Any CPU
		{7AC63864-7638-41C4-969C-D3197EF2BED9}.Debug|x64.ActiveCfg = Debug|Any CPU
		{7AC63864-7638-41C4-969C-D3197EF2BED9}.Debug|x64.Build.0 = Debug|Any CPU
		{7AC63864-7638-41C4-969C-D3197EF2BED9}.Debug|x86.ActiveCfg = Debug|Any CPU
		{7AC63864-7638-41C4-969C-D3197EF2BED9}.Debug|x86.Build.0 = Debug|Any CPU
		{7AC63864-7638-41C4-969C-D3197EF2BED9}.Release|Any CPU.ActiveCfg = Release|Any CPU
		{7AC63864-7638-41C4-969C-D3197EF2BED9}.Release|Any CPU.Build.0 = Release|Any CPU
		{7AC63864-7638-41C4-969C-D3197EF2BED9}.Release|x64.ActiveCfg = Release|Any CPU
		{7AC63864-7638-41C4-969C-D3197EF2BED9}.Release|x64.Build.0 = Release|Any CPU
		{7AC63864-7638-41C4-969C-D3197EF2BED9}.Release|x86.ActiveCfg = Release|Any CPU
		{7AC63864-7638-41C4-969C-D3197EF2BED9}.Release|x86.Build.0 = Release|Any CPU
		{5C07EBDF-D43F-4BE9-B560-D7A443C0EDCE}.Debug|Any CPU.ActiveCfg = Debug|Any CPU
		{5C07EBDF-D43F-4BE9-B560-D7A443C0EDCE}.Debug|Any CPU.Build.0 = Debug|Any CPU
		{5C07EBDF-D43F-4BE9-B560-D7A443C0EDCE}.Debug|x64.ActiveCfg = Debug|Any CPU
		{5C07EBDF-D43F-4BE9-B560-D7A443C0EDCE}.Debug|x64.Build.0 = Debug|Any CPU
		{5C07EBDF-D43F-4BE9-B560-D7A443C0EDCE}.Debug|x86.ActiveCfg = Debug|Any CPU
		{5C07EBDF-D43F-4BE9-B560-D7A443C0EDCE}.Debug|x86.Build.0 = Debug|Any CPU
		{5C07EBDF-D43F-4BE9-B560-D7A443C0EDCE}.Release|Any CPU.ActiveCfg = Release|Any CPU
		{5C07EBDF-D43F-4BE9-B560-D7A443C0EDCE}.Release|Any CPU.Build.0 = Release|Any CPU
		{5C07EBDF-D43F-4BE9-B560-D7A443C0EDCE}.Release|x64.ActiveCfg = Release|Any CPU
		{5C07EBDF-D43F-4BE9-B560-D7A443C0EDCE}.Release|x64.Build.0 = Release|Any CPU
		{5C07EBDF-D43F-4BE9-B560-D7A443C0EDCE}.Release|x86.ActiveCfg = Release|Any CPU
		{5C07EBDF-D43F-4BE9-B560-D7A443C0EDCE}.Release|x86.Build.0 = Release|Any CPU
		{7D4D18D4-DBD2-4ADC-9D82-397D6C5E9F40}.Debug|Any CPU.ActiveCfg = Debug|Any CPU
		{7D4D18D4-DBD2-4ADC-9D82-397D6C5E9F40}.Debug|Any CPU.Build.0 = Debug|Any CPU
		{7D4D18D4-DBD2-4ADC-9D82-397D6C5E9F40}.Debug|x64.ActiveCfg = Debug|Any CPU
		{7D4D18D4-DBD2-4ADC-9D82-397D6C5E9F40}.Debug|x64.Build.0 = Debug|Any CPU
		{7D4D18D4-DBD2-4ADC-9D82-397D6C5E9F40}.Debug|x86.ActiveCfg = Debug|Any CPU
		{7D4D18D4-DBD2-4ADC-9D82-397D6C5E9F40}.Debug|x86.Build.0 = Debug|Any CPU
		{7D4D18D4-DBD2-4ADC-9D82-397D6C5E9F40}.Release|Any CPU.ActiveCfg = Release|Any CPU
		{7D4D18D4-DBD2-4ADC-9D82-397D6C5E9F40}.Release|Any CPU.Build.0 = Release|Any CPU
		{7D4D18D4-DBD2-4ADC-9D82-397D6C5E9F40}.Release|x64.ActiveCfg = Release|Any CPU
		{7D4D18D4-DBD2-4ADC-9D82-397D6C5E9F40}.Release|x64.Build.0 = Release|Any CPU
		{7D4D18D4-DBD2-4ADC-9D82-397D6C5E9F40}.Release|x86.ActiveCfg = Release|Any CPU
		{7D4D18D4-DBD2-4ADC-9D82-397D6C5E9F40}.Release|x86.Build.0 = Release|Any CPU
		{7168F82F-288A-42C4-9EB1-FBBE5112F211}.Debug|Any CPU.ActiveCfg = Debug|Any CPU
		{7168F82F-288A-42C4-9EB1-FBBE5112F211}.Debug|Any CPU.Build.0 = Debug|Any CPU
		{7168F82F-288A-42C4-9EB1-FBBE5112F211}.Debug|x64.ActiveCfg = Debug|Any CPU
		{7168F82F-288A-42C4-9EB1-FBBE5112F211}.Debug|x64.Build.0 = Debug|Any CPU
		{7168F82F-288A-42C4-9EB1-FBBE5112F211}.Debug|x86.ActiveCfg = Debug|Any CPU
		{7168F82F-288A-42C4-9EB1-FBBE5112F211}.Debug|x86.Build.0 = Debug|Any CPU
		{7168F82F-288A-42C4-9EB1-FBBE5112F211}.Release|Any CPU.ActiveCfg = Release|Any CPU
		{7168F82F-288A-42C4-9EB1-FBBE5112F211}.Release|Any CPU.Build.0 = Release|Any CPU
		{7168F82F-288A-42C4-9EB1-FBBE5112F211}.Release|x64.ActiveCfg = Release|Any CPU
		{7168F82F-288A-42C4-9EB1-FBBE5112F211}.Release|x64.Build.0 = Release|Any CPU
		{7168F82F-288A-42C4-9EB1-FBBE5112F211}.Release|x86.ActiveCfg = Release|Any CPU
		{7168F82F-288A-42C4-9EB1-FBBE5112F211}.Release|x86.Build.0 = Release|Any CPU
		{CEE54535-42AB-4A2F-BA30-25E576736AC0}.Debug|Any CPU.ActiveCfg = Debug|Any CPU
		{CEE54535-42AB-4A2F-BA30-25E576736AC0}.Debug|Any CPU.Build.0 = Debug|Any CPU
		{CEE54535-42AB-4A2F-BA30-25E576736AC0}.Debug|x64.ActiveCfg = Debug|Any CPU
		{CEE54535-42AB-4A2F-BA30-25E576736AC0}.Debug|x64.Build.0 = Debug|Any CPU
		{CEE54535-42AB-4A2F-BA30-25E576736AC0}.Debug|x86.ActiveCfg = Debug|Any CPU
		{CEE54535-42AB-4A2F-BA30-25E576736AC0}.Debug|x86.Build.0 = Debug|Any CPU
		{CEE54535-42AB-4A2F-BA30-25E576736AC0}.Release|Any CPU.ActiveCfg = Release|Any CPU
		{CEE54535-42AB-4A2F-BA30-25E576736AC0}.Release|Any CPU.Build.0 = Release|Any CPU
		{CEE54535-42AB-4A2F-BA30-25E576736AC0}.Release|x64.ActiveCfg = Release|Any CPU
		{CEE54535-42AB-4A2F-BA30-25E576736AC0}.Release|x64.Build.0 = Release|Any CPU
		{CEE54535-42AB-4A2F-BA30-25E576736AC0}.Release|x86.ActiveCfg = Release|Any CPU
		{CEE54535-42AB-4A2F-BA30-25E576736AC0}.Release|x86.Build.0 = Release|Any CPU
		{41D2687F-03B5-4D2E-8992-633CCC0290F8}.Debug|Any CPU.ActiveCfg = Debug|Any CPU
		{41D2687F-03B5-4D2E-8992-633CCC0290F8}.Debug|Any CPU.Build.0 = Debug|Any CPU
		{41D2687F-03B5-4D2E-8992-633CCC0290F8}.Debug|x64.ActiveCfg = Debug|Any CPU
		{41D2687F-03B5-4D2E-8992-633CCC0290F8}.Debug|x64.Build.0 = Debug|Any CPU
		{41D2687F-03B5-4D2E-8992-633CCC0290F8}.Debug|x86.ActiveCfg = Debug|Any CPU
		{41D2687F-03B5-4D2E-8992-633CCC0290F8}.Debug|x86.Build.0 = Debug|Any CPU
		{41D2687F-03B5-4D2E-8992-633CCC0290F8}.Release|Any CPU.ActiveCfg = Release|Any CPU
		{41D2687F-03B5-4D2E-8992-633CCC0290F8}.Release|Any CPU.Build.0 = Release|Any CPU
		{41D2687F-03B5-4D2E-8992-633CCC0290F8}.Release|x64.ActiveCfg = Release|Any CPU
		{41D2687F-03B5-4D2E-8992-633CCC0290F8}.Release|x64.Build.0 = Release|Any CPU
		{41D2687F-03B5-4D2E-8992-633CCC0290F8}.Release|x86.ActiveCfg = Release|Any CPU
		{41D2687F-03B5-4D2E-8992-633CCC0290F8}.Release|x86.Build.0 = Release|Any CPU
		{2B2EBE52-3253-4A47-B787-2164732A2CA4}.Debug|Any CPU.ActiveCfg = Debug|Any CPU
		{2B2EBE52-3253-4A47-B787-2164732A2CA4}.Debug|Any CPU.Build.0 = Debug|Any CPU
		{2B2EBE52-3253-4A47-B787-2164732A2CA4}.Debug|x64.ActiveCfg = Debug|Any CPU
		{2B2EBE52-3253-4A47-B787-2164732A2CA4}.Debug|x64.Build.0 = Debug|Any CPU
		{2B2EBE52-3253-4A47-B787-2164732A2CA4}.Debug|x86.ActiveCfg = Debug|Any CPU
		{2B2EBE52-3253-4A47-B787-2164732A2CA4}.Debug|x86.Build.0 = Debug|Any CPU
		{2B2EBE52-3253-4A47-B787-2164732A2CA4}.Release|Any CPU.ActiveCfg = Release|Any CPU
		{2B2EBE52-3253-4A47-B787-2164732A2CA4}.Release|Any CPU.Build.0 = Release|Any CPU
		{2B2EBE52-3253-4A47-B787-2164732A2CA4}.Release|x64.ActiveCfg = Release|Any CPU
		{2B2EBE52-3253-4A47-B787-2164732A2CA4}.Release|x64.Build.0 = Release|Any CPU
		{2B2EBE52-3253-4A47-B787-2164732A2CA4}.Release|x86.ActiveCfg = Release|Any CPU
		{2B2EBE52-3253-4A47-B787-2164732A2CA4}.Release|x86.Build.0 = Release|Any CPU
		{AD6FD9E3-3C83-432E-9F19-74C71E881FE4}.Debug|Any CPU.ActiveCfg = Debug|Any CPU
		{AD6FD9E3-3C83-432E-9F19-74C71E881FE4}.Debug|Any CPU.Build.0 = Debug|Any CPU
		{AD6FD9E3-3C83-432E-9F19-74C71E881FE4}.Debug|x64.ActiveCfg = Debug|Any CPU
		{AD6FD9E3-3C83-432E-9F19-74C71E881FE4}.Debug|x64.Build.0 = Debug|Any CPU
		{AD6FD9E3-3C83-432E-9F19-74C71E881FE4}.Debug|x86.ActiveCfg = Debug|Any CPU
		{AD6FD9E3-3C83-432E-9F19-74C71E881FE4}.Debug|x86.Build.0 = Debug|Any CPU
		{AD6FD9E3-3C83-432E-9F19-74C71E881FE4}.Release|Any CPU.ActiveCfg = Release|Any CPU
		{AD6FD9E3-3C83-432E-9F19-74C71E881FE4}.Release|Any CPU.Build.0 = Release|Any CPU
		{AD6FD9E3-3C83-432E-9F19-74C71E881FE4}.Release|x64.ActiveCfg = Release|Any CPU
		{AD6FD9E3-3C83-432E-9F19-74C71E881FE4}.Release|x64.Build.0 = Release|Any CPU
		{AD6FD9E3-3C83-432E-9F19-74C71E881FE4}.Release|x86.ActiveCfg = Release|Any CPU
		{AD6FD9E3-3C83-432E-9F19-74C71E881FE4}.Release|x86.Build.0 = Release|Any CPU
		{FB2A5786-CD2E-42CE-BC5D-0FCE90034221}.Debug|Any CPU.ActiveCfg = Debug|Any CPU
		{FB2A5786-CD2E-42CE-BC5D-0FCE90034221}.Debug|Any CPU.Build.0 = Debug|Any CPU
		{FB2A5786-CD2E-42CE-BC5D-0FCE90034221}.Debug|x64.ActiveCfg = Debug|Any CPU
		{FB2A5786-CD2E-42CE-BC5D-0FCE90034221}.Debug|x64.Build.0 = Debug|Any CPU
		{FB2A5786-CD2E-42CE-BC5D-0FCE90034221}.Debug|x86.ActiveCfg = Debug|Any CPU
		{FB2A5786-CD2E-42CE-BC5D-0FCE90034221}.Debug|x86.Build.0 = Debug|Any CPU
		{FB2A5786-CD2E-42CE-BC5D-0FCE90034221}.Release|Any CPU.ActiveCfg = Release|Any CPU
		{FB2A5786-CD2E-42CE-BC5D-0FCE90034221}.Release|Any CPU.Build.0 = Release|Any CPU
		{FB2A5786-CD2E-42CE-BC5D-0FCE90034221}.Release|x64.ActiveCfg = Release|Any CPU
		{FB2A5786-CD2E-42CE-BC5D-0FCE90034221}.Release|x64.Build.0 = Release|Any CPU
		{FB2A5786-CD2E-42CE-BC5D-0FCE90034221}.Release|x86.ActiveCfg = Release|Any CPU
		{FB2A5786-CD2E-42CE-BC5D-0FCE90034221}.Release|x86.Build.0 = Release|Any CPU
		{D01B1D20-8F5B-4834-8E5C-C7EC6DD587D4}.Debug|Any CPU.ActiveCfg = Debug|Any CPU
		{D01B1D20-8F5B-4834-8E5C-C7EC6DD587D4}.Debug|Any CPU.Build.0 = Debug|Any CPU
		{D01B1D20-8F5B-4834-8E5C-C7EC6DD587D4}.Debug|x64.ActiveCfg = Debug|Any CPU
		{D01B1D20-8F5B-4834-8E5C-C7EC6DD587D4}.Debug|x64.Build.0 = Debug|Any CPU
		{D01B1D20-8F5B-4834-8E5C-C7EC6DD587D4}.Debug|x86.ActiveCfg = Debug|Any CPU
		{D01B1D20-8F5B-4834-8E5C-C7EC6DD587D4}.Debug|x86.Build.0 = Debug|Any CPU
		{D01B1D20-8F5B-4834-8E5C-C7EC6DD587D4}.Release|Any CPU.ActiveCfg = Release|Any CPU
		{D01B1D20-8F5B-4834-8E5C-C7EC6DD587D4}.Release|Any CPU.Build.0 = Release|Any CPU
		{D01B1D20-8F5B-4834-8E5C-C7EC6DD587D4}.Release|x64.ActiveCfg = Release|Any CPU
		{D01B1D20-8F5B-4834-8E5C-C7EC6DD587D4}.Release|x64.Build.0 = Release|Any CPU
		{D01B1D20-8F5B-4834-8E5C-C7EC6DD587D4}.Release|x86.ActiveCfg = Release|Any CPU
		{D01B1D20-8F5B-4834-8E5C-C7EC6DD587D4}.Release|x86.Build.0 = Release|Any CPU
		{B618E67B-64C8-48E9-9F94-F13214B76808}.Debug|Any CPU.ActiveCfg = Debug|x86
		{B618E67B-64C8-48E9-9F94-F13214B76808}.Debug|Any CPU.Build.0 = Debug|x86
		{B618E67B-64C8-48E9-9F94-F13214B76808}.Debug|x64.ActiveCfg = Debug|x64
		{B618E67B-64C8-48E9-9F94-F13214B76808}.Debug|x64.Build.0 = Debug|x64
		{B618E67B-64C8-48E9-9F94-F13214B76808}.Debug|x86.ActiveCfg = Debug|x86
		{B618E67B-64C8-48E9-9F94-F13214B76808}.Debug|x86.Build.0 = Debug|x86
		{B618E67B-64C8-48E9-9F94-F13214B76808}.Release|Any CPU.ActiveCfg = Release|x86
		{B618E67B-64C8-48E9-9F94-F13214B76808}.Release|x64.ActiveCfg = Release|x64
		{B618E67B-64C8-48E9-9F94-F13214B76808}.Release|x64.Build.0 = Release|x64
		{B618E67B-64C8-48E9-9F94-F13214B76808}.Release|x86.ActiveCfg = Release|x86
		{B618E67B-64C8-48E9-9F94-F13214B76808}.Release|x86.Build.0 = Release|x86
	EndGlobalSection
	GlobalSection(SolutionProperties) = preSolution
		HideSolutionNode = FALSE
	EndGlobalSection
	GlobalSection(NestedProjects) = preSolution
		{3D42A167-79FD-4414-A464-8F618F79D1E5} = {146C3FD8-4884-4306-A2FC-15A2646F660D}
		{653A10B8-7627-4805-9FEC-2DCDD516A0EC} = {3D42A167-79FD-4414-A464-8F618F79D1E5}
		{5C07EBDF-D43F-4BE9-B560-D7A443C0EDCE} = {186217DA-744C-45D7-A040-67A279EE34C8}
		{7D4D18D4-DBD2-4ADC-9D82-397D6C5E9F40} = {186217DA-744C-45D7-A040-67A279EE34C8}
		{7168F82F-288A-42C4-9EB1-FBBE5112F211} = {186217DA-744C-45D7-A040-67A279EE34C8}
		{2B2EBE52-3253-4A47-B787-2164732A2CA4} = {186217DA-744C-45D7-A040-67A279EE34C8}
		{FB2A5786-CD2E-42CE-BC5D-0FCE90034221} = {186217DA-744C-45D7-A040-67A279EE34C8}
		{D01B1D20-8F5B-4834-8E5C-C7EC6DD587D4} = {186217DA-744C-45D7-A040-67A279EE34C8}
	EndGlobalSection
	GlobalSection(ExtensibilityGlobals) = postSolution
		SolutionGuid = {044F5710-CD07-4D96-8879-35D70E5AF5CD}
	EndGlobalSection
EndGlobal
