<Solution>
  <Project Path="clowd_ui/Clowd.Drawing/Clowd.Drawing.csproj" />
  <Project Path="clowd_ui/Clowd.Drawing.Tests/Clowd.Drawing.Tests.csproj" />
  <Project Path="clowd_ui/Clowd.Shared/Clowd.Shared.csproj" />
  <Project Path="clowd_ui/Clowd.Shared.Tests/Clowd.Shared.Tests.csproj" />
  <Project Path="clowd_ui/Clowd.Ui/Clowd.Ui.csproj" />
  <Project Path="clowd_ui/Clowd.Upload/Clowd.Upload.csproj" />
  <Project Path="clowd_ui/Clowd.Video/Clowd.Video.csproj" />
  <Project Path="clowd_ui/Clowd.Video.Tests/Clowd.Video.Tests.csproj" />
  <Project Path="clowd_ui/CursorGenerator/CursorGenerator.csproj" />
</Solution>
