
Microsoft Visual Studio Solution File, Format Version 12.00
# Visual Studio Version 17
VisualStudioVersion = 17.0.31912.275
MinimumVisualStudioVersion = 10.0.40219.1
Project("{9A19103F-16F7-4668-BE54-9A1E7A4F7556}") = "Clowd", "src\Clowd\Clowd.csproj", "{24FDFCC0-C491-412E-8EFA-E6CC352523DA}"
	ProjectSection(ProjectDependencies) = postProject
		{847EFAFA-F061-4350-81A8-A1D211AAC62B} = {847EFAFA-F061-4350-81A8-A1D211AAC62B}
	EndProjectSection
EndProject
Project("{9A19103F-16F7-4668-BE54-9A1E7A4F7556}") = "Clowd.Drawing", "src\Clowd.Drawing\Clowd.Drawing.csproj", "{04456DDE-AF72-4B83-9132-5AFC5F89CC76}"
EndProject
Project("{9A19103F-16F7-4668-BE54-9A1E7A4F7556}") = "Clowd.Video", "src\Clowd.Video\Clowd.Video.csproj", "{FA6FD7EE-A2D6-4C1A-99D6-A7F5354D0B65}"
EndProject
Project("{9A19103F-16F7-4668-BE54-9A1E7A4F7556}") = "Clowd.Upload", "src\Clowd.Upload\Clowd.Upload.csproj", "{1B456368-42B0-412B-B31D-DFE369F2BEE3}"
EndProject
Project("{9A19103F-16F7-4668-BE54-9A1E7A4F7556}") = "Clowd.Shared", "src\Clowd.Shared\Clowd.Shared.csproj", "{A6CCAFE6-26D8-4B2C-9B2D-1895788DA246}"
EndProject
Project("{9A19103F-16F7-4668-BE54-9A1E7A4F7556}") = "Clowd.PlatformUtil", "src\Clowd.PlatformUtil\Clowd.PlatformUtil.csproj", "{35EBE651-1A03-4D4C-82D2-D26A93A6CBCF}"
EndProject
Project("{2150E333-8FDC-42A3-9474-1A3956D46DE8}") = "config", "config", "{E12FDD37-3A55-4026-B892-05E2BD65E68B}"
	ProjectSection(SolutionItems) = preProject
		.editorconfig = .editorconfig
		.gitattributes = .gitattributes
		.gitignore = .gitignore
		build.ps1 = build.ps1
		.github\workflows\build.yml = .github\workflows\build.yml
		src\Directory.Build.props = src\Directory.Build.props
		version.json = version.json
	EndProjectSection
EndProject
Project("{8BC9CEB8-8B4A-11D0-8D11-00A0C91BC942}") = "Clowd.Native", "src\Clowd.Native\Clowd.Native.vcxproj", "{847EFAFA-F061-4350-81A8-A1D211AAC62B}"
EndProject
Project("{9A19103F-16F7-4668-BE54-9A1E7A4F7556}") = "CursorGenerator", "src\CursorGenerator\CursorGenerator.csproj", "{5B38965C-3C62-40B5-86C3-B5353C6FBC58}"
EndProject
Project("{9A19103F-16F7-4668-BE54-9A1E7A4F7556}") = "Clowd.Avalonia", "src\Clowd.Avalonia\Clowd.Avalonia.csproj", "{27BAA919-3A18-4C8E-9B75-05161FEAFED1}"
EndProject
Project("{FAE04EC0-301F-11D3-BF4B-00C04F79EFBC}") = "Clowd.Config", "src\Clowd.Config\Clowd.Config.csproj", "{33F09DE3-1763-4815-811A-F2F7C2DDF184}"
EndProject
Global
	GlobalSection(SolutionConfigurationPlatforms) = preSolution
		Debug|Any CPU = Debug|Any CPU
		Debug|x64 = Debug|x64
		Release|Any CPU = Release|Any CPU
		Release|x64 = Release|x64
	EndGlobalSection
	GlobalSection(ProjectConfigurationPlatforms) = postSolution
		{24FDFCC0-C491-412E-8EFA-E6CC352523DA}.Debug|Any CPU.ActiveCfg = Debug|Any CPU
		{24FDFCC0-C491-412E-8EFA-E6CC352523DA}.Debug|Any CPU.Build.0 = Debug|Any CPU
		{24FDFCC0-C491-412E-8EFA-E6CC352523DA}.Debug|x64.ActiveCfg = Debug|Any CPU
		{24FDFCC0-C491-412E-8EFA-E6CC352523DA}.Debug|x64.Build.0 = Debug|Any CPU
		{24FDFCC0-C491-412E-8EFA-E6CC352523DA}.Release|Any CPU.ActiveCfg = Release|Any CPU
		{24FDFCC0-C491-412E-8EFA-E6CC352523DA}.Release|Any CPU.Build.0 = Release|Any CPU
		{24FDFCC0-C491-412E-8EFA-E6CC352523DA}.Release|x64.ActiveCfg = Release|Any CPU
		{24FDFCC0-C491-412E-8EFA-E6CC352523DA}.Release|x64.Build.0 = Release|Any CPU
		{04456DDE-AF72-4B83-9132-5AFC5F89CC76}.Debug|Any CPU.ActiveCfg = Debug|Any CPU
		{04456DDE-AF72-4B83-9132-5AFC5F89CC76}.Debug|Any CPU.Build.0 = Debug|Any CPU
		{04456DDE-AF72-4B83-9132-5AFC5F89CC76}.Debug|x64.ActiveCfg = Debug|Any CPU
		{04456DDE-AF72-4B83-9132-5AFC5F89CC76}.Debug|x64.Build.0 = Debug|Any CPU
		{04456DDE-AF72-4B83-9132-5AFC5F89CC76}.Release|Any CPU.ActiveCfg = Release|Any CPU
		{04456DDE-AF72-4B83-9132-5AFC5F89CC76}.Release|Any CPU.Build.0 = Release|Any CPU
		{04456DDE-AF72-4B83-9132-5AFC5F89CC76}.Release|x64.ActiveCfg = Release|Any CPU
		{04456DDE-AF72-4B83-9132-5AFC5F89CC76}.Release|x64.Build.0 = Release|Any CPU
		{FA6FD7EE-A2D6-4C1A-99D6-A7F5354D0B65}.Debug|Any CPU.ActiveCfg = Debug|Any CPU
		{FA6FD7EE-A2D6-4C1A-99D6-A7F5354D0B65}.Debug|Any CPU.Build.0 = Debug|Any CPU
		{FA6FD7EE-A2D6-4C1A-99D6-A7F5354D0B65}.Debug|x64.ActiveCfg = Debug|Any CPU
		{FA6FD7EE-A2D6-4C1A-99D6-A7F5354D0B65}.Debug|x64.Build.0 = Debug|Any CPU
		{FA6FD7EE-A2D6-4C1A-99D6-A7F5354D0B65}.Release|Any CPU.ActiveCfg = Release|Any CPU
		{FA6FD7EE-A2D6-4C1A-99D6-A7F5354D0B65}.Release|Any CPU.Build.0 = Release|Any CPU
		{FA6FD7EE-A2D6-4C1A-99D6-A7F5354D0B65}.Release|x64.ActiveCfg = Release|Any CPU
		{FA6FD7EE-A2D6-4C1A-99D6-A7F5354D0B65}.Release|x64.Build.0 = Release|Any CPU
		{1B456368-42B0-412B-B31D-DFE369F2BEE3}.Debug|Any CPU.ActiveCfg = Debug|Any CPU
		{1B456368-42B0-412B-B31D-DFE369F2BEE3}.Debug|Any CPU.Build.0 = Debug|Any CPU
		{1B456368-42B0-412B-B31D-DFE369F2BEE3}.Debug|x64.ActiveCfg = Debug|Any CPU
		{1B456368-42B0-412B-B31D-DFE369F2BEE3}.Debug|x64.Build.0 = Debug|Any CPU
		{1B456368-42B0-412B-B31D-DFE369F2BEE3}.Release|Any CPU.ActiveCfg = Release|Any CPU
		{1B456368-42B0-412B-B31D-DFE369F2BEE3}.Release|Any CPU.Build.0 = Release|Any CPU
		{1B456368-42B0-412B-B31D-DFE369F2BEE3}.Release|x64.ActiveCfg = Release|Any CPU
		{1B456368-42B0-412B-B31D-DFE369F2BEE3}.Release|x64.Build.0 = Release|Any CPU
		{A6CCAFE6-26D8-4B2C-9B2D-1895788DA246}.Debug|Any CPU.ActiveCfg = Debug|Any CPU
		{A6CCAFE6-26D8-4B2C-9B2D-1895788DA246}.Debug|Any CPU.Build.0 = Debug|Any CPU
		{A6CCAFE6-26D8-4B2C-9B2D-1895788DA246}.Debug|x64.ActiveCfg = Debug|Any CPU
		{A6CCAFE6-26D8-4B2C-9B2D-1895788DA246}.Debug|x64.Build.0 = Debug|Any CPU
		{A6CCAFE6-26D8-4B2C-9B2D-1895788DA246}.Release|Any CPU.ActiveCfg = Release|Any CPU
		{A6CCAFE6-26D8-4B2C-9B2D-1895788DA246}.Release|Any CPU.Build.0 = Release|Any CPU
		{A6CCAFE6-26D8-4B2C-9B2D-1895788DA246}.Release|x64.ActiveCfg = Release|Any CPU
		{A6CCAFE6-26D8-4B2C-9B2D-1895788DA246}.Release|x64.Build.0 = Release|Any CPU
		{35EBE651-1A03-4D4C-82D2-D26A93A6CBCF}.Debug|Any CPU.ActiveCfg = Debug|Any CPU
		{35EBE651-1A03-4D4C-82D2-D26A93A6CBCF}.Debug|Any CPU.Build.0 = Debug|Any CPU
		{35EBE651-1A03-4D4C-82D2-D26A93A6CBCF}.Debug|x64.ActiveCfg = Debug|Any CPU
		{35EBE651-1A03-4D4C-82D2-D26A93A6CBCF}.Debug|x64.Build.0 = Debug|Any CPU
		{35EBE651-1A03-4D4C-82D2-D26A93A6CBCF}.Release|Any CPU.ActiveCfg = Release|Any CPU
		{35EBE651-1A03-4D4C-82D2-D26A93A6CBCF}.Release|Any CPU.Build.0 = Release|Any CPU
		{35EBE651-1A03-4D4C-82D2-D26A93A6CBCF}.Release|x64.ActiveCfg = Release|Any CPU
		{35EBE651-1A03-4D4C-82D2-D26A93A6CBCF}.Release|x64.Build.0 = Release|Any CPU
		{847EFAFA-F061-4350-81A8-A1D211AAC62B}.Debug|Any CPU.ActiveCfg = Debug|x64
		{847EFAFA-F061-4350-81A8-A1D211AAC62B}.Debug|Any CPU.Build.0 = Debug|x64
		{847EFAFA-F061-4350-81A8-A1D211AAC62B}.Debug|x64.ActiveCfg = Debug|x64
		{847EFAFA-F061-4350-81A8-A1D211AAC62B}.Debug|x64.Build.0 = Debug|x64
		{847EFAFA-F061-4350-81A8-A1D211AAC62B}.Release|Any CPU.ActiveCfg = Release|x64
		{847EFAFA-F061-4350-81A8-A1D211AAC62B}.Release|Any CPU.Build.0 = Release|x64
		{847EFAFA-F061-4350-81A8-A1D211AAC62B}.Release|x64.ActiveCfg = Release|x64
		{847EFAFA-F061-4350-81A8-A1D211AAC62B}.Release|x64.Build.0 = Release|x64
		{5B38965C-3C62-40B5-86C3-B5353C6FBC58}.Debug|Any CPU.ActiveCfg = Debug|Any CPU
		{5B38965C-3C62-40B5-86C3-B5353C6FBC58}.Debug|Any CPU.Build.0 = Debug|Any CPU
		{5B38965C-3C62-40B5-86C3-B5353C6FBC58}.Debug|x64.ActiveCfg = Debug|Any CPU
		{5B38965C-3C62-40B5-86C3-B5353C6FBC58}.Debug|x64.Build.0 = Debug|Any CPU
		{5B38965C-3C62-40B5-86C3-B5353C6FBC58}.Release|Any CPU.ActiveCfg = Release|Any CPU
		{5B38965C-3C62-40B5-86C3-B5353C6FBC58}.Release|Any CPU.Build.0 = Release|Any CPU
		{5B38965C-3C62-40B5-86C3-B5353C6FBC58}.Release|x64.ActiveCfg = Release|Any CPU
		{5B38965C-3C62-40B5-86C3-B5353C6FBC58}.Release|x64.Build.0 = Release|Any CPU
		{27BAA919-3A18-4C8E-9B75-05161FEAFED1}.Debug|Any CPU.ActiveCfg = Debug|Any CPU
		{27BAA919-3A18-4C8E-9B75-05161FEAFED1}.Debug|Any CPU.Build.0 = Debug|Any CPU
		{27BAA919-3A18-4C8E-9B75-05161FEAFED1}.Debug|x64.ActiveCfg = Debug|Any CPU
		{27BAA919-3A18-4C8E-9B75-05161FEAFED1}.Debug|x64.Build.0 = Debug|Any CPU
		{27BAA919-3A18-4C8E-9B75-05161FEAFED1}.Release|Any CPU.ActiveCfg = Release|Any CPU
		{27BAA919-3A18-4C8E-9B75-05161FEAFED1}.Release|Any CPU.Build.0 = Release|Any CPU
		{27BAA919-3A18-4C8E-9B75-05161FEAFED1}.Release|x64.ActiveCfg = Release|Any CPU
		{27BAA919-3A18-4C8E-9B75-05161FEAFED1}.Release|x64.Build.0 = Release|Any CPU
		{33F09DE3-1763-4815-811A-F2F7C2DDF184}.Debug|Any CPU.ActiveCfg = Debug|Any CPU
		{33F09DE3-1763-4815-811A-F2F7C2DDF184}.Debug|Any CPU.Build.0 = Debug|Any CPU
		{33F09DE3-1763-4815-811A-F2F7C2DDF184}.Debug|x64.ActiveCfg = Debug|Any CPU
		{33F09DE3-1763-4815-811A-F2F7C2DDF184}.Debug|x64.Build.0 = Debug|Any CPU
		{33F09DE3-1763-4815-811A-F2F7C2DDF184}.Release|Any CPU.ActiveCfg = Release|Any CPU
		{33F09DE3-1763-4815-811A-F2F7C2DDF184}.Release|Any CPU.Build.0 = Release|Any CPU
		{33F09DE3-1763-4815-811A-F2F7C2DDF184}.Release|x64.ActiveCfg = Release|Any CPU
		{33F09DE3-1763-4815-811A-F2F7C2DDF184}.Release|x64.Build.0 = Release|Any CPU
	EndGlobalSection
	GlobalSection(SolutionProperties) = preSolution
		HideSolutionNode = FALSE
	EndGlobalSection
	GlobalSection(ExtensibilityGlobals) = postSolution
		SolutionGuid = {044F5710-CD07-4D96-8879-35D70E5AF5CD}
	EndGlobalSection
EndGlobal
