
Microsoft Visual Studio Solution File, Format Version 12.00
# Visual Studio Version 16
VisualStudioVersion = 16.0.29806.167
MinimumVisualStudioVersion = 10.0.40219.1
Project("{FAE04EC0-301F-11D3-BF4B-00C04F79EFBC}") = "Clowd", "src\Clowd\Clowd.csproj", "{24FDFCC0-C491-412E-8EFA-E6CC352523DA}"
EndProject
Project("{FAE04EC0-301F-11D3-BF4B-00C04F79EFBC}") = "DrawToolsLib", "src\DrawToolsLib\DrawToolsLib.csproj", "{04456DDE-AF72-4B83-9132-5AFC5F89CC76}"
EndProject
Project("{FAE04EC0-301F-11D3-BF4B-00C04F79EFBC}") = "Clowd.Interop", "src\Clowd.Interop\Clowd.Interop.csproj", "{A2DA076B-EEBA-4D4A-88EC-9BB9C960F552}"
EndProject
Project("{FAE04EC0-301F-11D3-BF4B-00C04F79EFBC}") = "NotifyIconLib", "third-party\NotifyIconWpf\NotifyIconLib.csproj", "{7AC63864-7638-41C4-969C-D3197EF2BED9}"
EndProject
Project("{FAE04EC0-301F-11D3-BF4B-00C04F79EFBC}") = "PropertyTools.Wpf", "third-party\PropertyTools.Wpf\PropertyTools.Wpf.csproj", "{7168F82F-288A-42C4-9EB1-FBBE5112F211}"
EndProject
Project("{2150E333-8FDC-42A3-9474-1A3956D46DE8}") = "third-party", "third-party", "{186217DA-744C-45D7-A040-67A279EE34C8}"
EndProject
Project("{FAE04EC0-301F-11D3-BF4B-00C04F79EFBC}") = "Clowd.Installer", "src\Clowd.Installer\Clowd.Installer.csproj", "{AD6FD9E3-3C83-432E-9F19-74C71E881FE4}"
EndProject
Project("{FAE04EC0-301F-11D3-BF4B-00C04F79EFBC}") = "Cyotek.Windows.Forms.ColorPicker", "third-party\Cyotek.Windows.Forms.ColorPicker\Cyotek.Windows.Forms.ColorPicker.csproj", "{FB2A5786-CD2E-42CE-BC5D-0FCE90034221}"
EndProject
Project("{FAE04EC0-301F-11D3-BF4B-00C04F79EFBC}") = "Ookii.Dialogs.Wpf", "third-party\Ookii.Dialogs.Wpf\Ookii.Dialogs.Wpf.csproj", "{D01B1D20-8F5B-4834-8E5C-C7EC6DD587D4}"
EndProject
Project("{9A19103F-16F7-4668-BE54-9A1E7A4F7556}") = "LiveDraw", "src\LiveDraw\LiveDraw.csproj", "{110F39D7-349D-4E27-88C1-02AF6513015E}"
EndProject
Project("{FAE04EC0-301F-11D3-BF4B-00C04F79EFBC}") = "Clowd.Video", "src\Clowd.Video\Clowd.Video.csproj", "{FA6FD7EE-A2D6-4C1A-99D6-A7F5354D0B65}"
EndProject
Project("{FAE04EC0-301F-11D3-BF4B-00C04F79EFBC}") = "Clowd.Upload", "src\Clowd.Upload\Clowd.Upload.csproj", "{1B456368-42B0-412B-B31D-DFE369F2BEE3}"
EndProject
Project("{FAE04EC0-301F-11D3-BF4B-00C04F79EFBC}") = "Clowd.Shared", "src\Clowd.Shared\Clowd.Shared.csproj", "{A6CCAFE6-26D8-4B2C-9B2D-1895788DA246}"
EndProject
Project("{FAE04EC0-301F-11D3-BF4B-00C04F79EFBC}") = "Clowd.Watch", "src\Clowd.Watch\Clowd.Watch.csproj", "{B52CF0A5-330F-44E5-953E-9483D54D8F66}"
EndProject
Project("{8BC9CEB8-8B4A-11D0-8D11-00A0C91BC942}") = "Clowd.Win64", "modules\Clowd.Win64\Clowd.Win64.vcxproj", "{847EFAFA-F061-4350-81A8-A1D211AAC62B}"
EndProject
Global
	GlobalSection(SolutionConfigurationPlatforms) = preSolution
		Debug|Any CPU = Debug|Any CPU
		Debug|x64 = Debug|x64
		Release|Any CPU = Release|Any CPU
		Release|x64 = Release|x64
	EndGlobalSection
	GlobalSection(ProjectConfigurationPlatforms) = postSolution
		{24FDFCC0-C491-412E-8EFA-E6CC352523DA}.Debug|Any CPU.ActiveCfg = Debug|Any CPU
		{24FDFCC0-C491-412E-8EFA-E6CC352523DA}.Debug|Any CPU.Build.0 = Debug|Any CPU
		{24FDFCC0-C491-412E-8EFA-E6CC352523DA}.Debug|x64.ActiveCfg = Debug|Any CPU
		{24FDFCC0-C491-412E-8EFA-E6CC352523DA}.Debug|x64.Build.0 = Debug|Any CPU
		{24FDFCC0-C491-412E-8EFA-E6CC352523DA}.Release|Any CPU.ActiveCfg = Release|Any CPU
		{24FDFCC0-C491-412E-8EFA-E6CC352523DA}.Release|Any CPU.Build.0 = Release|Any CPU
		{24FDFCC0-C491-412E-8EFA-E6CC352523DA}.Release|x64.ActiveCfg = Release|Any CPU
		{24FDFCC0-C491-412E-8EFA-E6CC352523DA}.Release|x64.Build.0 = Release|Any CPU
		{04456DDE-AF72-4B83-9132-5AFC5F89CC76}.Debug|Any CPU.ActiveCfg = Debug|Any CPU
		{04456DDE-AF72-4B83-9132-5AFC5F89CC76}.Debug|Any CPU.Build.0 = Debug|Any CPU
		{04456DDE-AF72-4B83-9132-5AFC5F89CC76}.Debug|x64.ActiveCfg = Debug|Any CPU
		{04456DDE-AF72-4B83-9132-5AFC5F89CC76}.Debug|x64.Build.0 = Debug|Any CPU
		{04456DDE-AF72-4B83-9132-5AFC5F89CC76}.Release|Any CPU.ActiveCfg = Release|Any CPU
		{04456DDE-AF72-4B83-9132-5AFC5F89CC76}.Release|Any CPU.Build.0 = Release|Any CPU
		{04456DDE-AF72-4B83-9132-5AFC5F89CC76}.Release|x64.ActiveCfg = Release|Any CPU
		{04456DDE-AF72-4B83-9132-5AFC5F89CC76}.Release|x64.Build.0 = Release|Any CPU
		{A2DA076B-EEBA-4D4A-88EC-9BB9C960F552}.Debug|Any CPU.ActiveCfg = Debug|Any CPU
		{A2DA076B-EEBA-4D4A-88EC-9BB9C960F552}.Debug|Any CPU.Build.0 = Debug|Any CPU
		{A2DA076B-EEBA-4D4A-88EC-9BB9C960F552}.Debug|x64.ActiveCfg = Debug|Any CPU
		{A2DA076B-EEBA-4D4A-88EC-9BB9C960F552}.Debug|x64.Build.0 = Debug|Any CPU
		{A2DA076B-EEBA-4D4A-88EC-9BB9C960F552}.Release|Any CPU.ActiveCfg = Release|Any CPU
		{A2DA076B-EEBA-4D4A-88EC-9BB9C960F552}.Release|Any CPU.Build.0 = Release|Any CPU
		{A2DA076B-EEBA-4D4A-88EC-9BB9C960F552}.Release|x64.ActiveCfg = Release|Any CPU
		{A2DA076B-EEBA-4D4A-88EC-9BB9C960F552}.Release|x64.Build.0 = Release|Any CPU
		{7AC63864-7638-41C4-969C-D3197EF2BED9}.Debug|Any CPU.ActiveCfg = Debug|Any CPU
		{7AC63864-7638-41C4-969C-D3197EF2BED9}.Debug|Any CPU.Build.0 = Debug|Any CPU
		{7AC63864-7638-41C4-969C-D3197EF2BED9}.Debug|x64.ActiveCfg = Debug|Any CPU
		{7AC63864-7638-41C4-969C-D3197EF2BED9}.Debug|x64.Build.0 = Debug|Any CPU
		{7AC63864-7638-41C4-969C-D3197EF2BED9}.Release|Any CPU.ActiveCfg = Release|Any CPU
		{7AC63864-7638-41C4-969C-D3197EF2BED9}.Release|Any CPU.Build.0 = Release|Any CPU
		{7AC63864-7638-41C4-969C-D3197EF2BED9}.Release|x64.ActiveCfg = Release|Any CPU
		{7AC63864-7638-41C4-969C-D3197EF2BED9}.Release|x64.Build.0 = Release|Any CPU
		{7168F82F-288A-42C4-9EB1-FBBE5112F211}.Debug|Any CPU.ActiveCfg = Debug|Any CPU
		{7168F82F-288A-42C4-9EB1-FBBE5112F211}.Debug|Any CPU.Build.0 = Debug|Any CPU
		{7168F82F-288A-42C4-9EB1-FBBE5112F211}.Debug|x64.ActiveCfg = Debug|Any CPU
		{7168F82F-288A-42C4-9EB1-FBBE5112F211}.Debug|x64.Build.0 = Debug|Any CPU
		{7168F82F-288A-42C4-9EB1-FBBE5112F211}.Release|Any CPU.ActiveCfg = Release|Any CPU
		{7168F82F-288A-42C4-9EB1-FBBE5112F211}.Release|Any CPU.Build.0 = Release|Any CPU
		{7168F82F-288A-42C4-9EB1-FBBE5112F211}.Release|x64.ActiveCfg = Release|Any CPU
		{7168F82F-288A-42C4-9EB1-FBBE5112F211}.Release|x64.Build.0 = Release|Any CPU
		{AD6FD9E3-3C83-432E-9F19-74C71E881FE4}.Debug|Any CPU.ActiveCfg = Debug|Any CPU
		{AD6FD9E3-3C83-432E-9F19-74C71E881FE4}.Debug|Any CPU.Build.0 = Debug|Any CPU
		{AD6FD9E3-3C83-432E-9F19-74C71E881FE4}.Debug|x64.ActiveCfg = Debug|Any CPU
		{AD6FD9E3-3C83-432E-9F19-74C71E881FE4}.Debug|x64.Build.0 = Debug|Any CPU
		{AD6FD9E3-3C83-432E-9F19-74C71E881FE4}.Release|Any CPU.ActiveCfg = Release|Any CPU
		{AD6FD9E3-3C83-432E-9F19-74C71E881FE4}.Release|Any CPU.Build.0 = Release|Any CPU
		{AD6FD9E3-3C83-432E-9F19-74C71E881FE4}.Release|x64.ActiveCfg = Release|Any CPU
		{AD6FD9E3-3C83-432E-9F19-74C71E881FE4}.Release|x64.Build.0 = Release|Any CPU
		{FB2A5786-CD2E-42CE-BC5D-0FCE90034221}.Debug|Any CPU.ActiveCfg = Debug|Any CPU
		{FB2A5786-CD2E-42CE-BC5D-0FCE90034221}.Debug|Any CPU.Build.0 = Debug|Any CPU
		{FB2A5786-CD2E-42CE-BC5D-0FCE90034221}.Debug|x64.ActiveCfg = Debug|Any CPU
		{FB2A5786-CD2E-42CE-BC5D-0FCE90034221}.Debug|x64.Build.0 = Debug|Any CPU
		{FB2A5786-CD2E-42CE-BC5D-0FCE90034221}.Release|Any CPU.ActiveCfg = Release|Any CPU
		{FB2A5786-CD2E-42CE-BC5D-0FCE90034221}.Release|Any CPU.Build.0 = Release|Any CPU
		{FB2A5786-CD2E-42CE-BC5D-0FCE90034221}.Release|x64.ActiveCfg = Release|Any CPU
		{FB2A5786-CD2E-42CE-BC5D-0FCE90034221}.Release|x64.Build.0 = Release|Any CPU
		{D01B1D20-8F5B-4834-8E5C-C7EC6DD587D4}.Debug|Any CPU.ActiveCfg = Debug|Any CPU
		{D01B1D20-8F5B-4834-8E5C-C7EC6DD587D4}.Debug|Any CPU.Build.0 = Debug|Any CPU
		{D01B1D20-8F5B-4834-8E5C-C7EC6DD587D4}.Debug|x64.ActiveCfg = Debug|Any CPU
		{D01B1D20-8F5B-4834-8E5C-C7EC6DD587D4}.Debug|x64.Build.0 = Debug|Any CPU
		{D01B1D20-8F5B-4834-8E5C-C7EC6DD587D4}.Release|Any CPU.ActiveCfg = Release|Any CPU
		{D01B1D20-8F5B-4834-8E5C-C7EC6DD587D4}.Release|Any CPU.Build.0 = Release|Any CPU
		{D01B1D20-8F5B-4834-8E5C-C7EC6DD587D4}.Release|x64.ActiveCfg = Release|Any CPU
		{D01B1D20-8F5B-4834-8E5C-C7EC6DD587D4}.Release|x64.Build.0 = Release|Any CPU
		{110F39D7-349D-4E27-88C1-02AF6513015E}.Debug|Any CPU.ActiveCfg = Debug|Any CPU
		{110F39D7-349D-4E27-88C1-02AF6513015E}.Debug|Any CPU.Build.0 = Debug|Any CPU
		{110F39D7-349D-4E27-88C1-02AF6513015E}.Debug|x64.ActiveCfg = Debug|Any CPU
		{110F39D7-349D-4E27-88C1-02AF6513015E}.Debug|x64.Build.0 = Debug|Any CPU
		{110F39D7-349D-4E27-88C1-02AF6513015E}.Release|Any CPU.ActiveCfg = Release|Any CPU
		{110F39D7-349D-4E27-88C1-02AF6513015E}.Release|Any CPU.Build.0 = Release|Any CPU
		{110F39D7-349D-4E27-88C1-02AF6513015E}.Release|x64.ActiveCfg = Release|Any CPU
		{110F39D7-349D-4E27-88C1-02AF6513015E}.Release|x64.Build.0 = Release|Any CPU
		{FA6FD7EE-A2D6-4C1A-99D6-A7F5354D0B65}.Debug|Any CPU.ActiveCfg = Debug|Any CPU
		{FA6FD7EE-A2D6-4C1A-99D6-A7F5354D0B65}.Debug|Any CPU.Build.0 = Debug|Any CPU
		{FA6FD7EE-A2D6-4C1A-99D6-A7F5354D0B65}.Debug|x64.ActiveCfg = Debug|Any CPU
		{FA6FD7EE-A2D6-4C1A-99D6-A7F5354D0B65}.Debug|x64.Build.0 = Debug|Any CPU
		{FA6FD7EE-A2D6-4C1A-99D6-A7F5354D0B65}.Release|Any CPU.ActiveCfg = Release|Any CPU
		{FA6FD7EE-A2D6-4C1A-99D6-A7F5354D0B65}.Release|Any CPU.Build.0 = Release|Any CPU
		{FA6FD7EE-A2D6-4C1A-99D6-A7F5354D0B65}.Release|x64.ActiveCfg = Release|Any CPU
		{FA6FD7EE-A2D6-4C1A-99D6-A7F5354D0B65}.Release|x64.Build.0 = Release|Any CPU
		{1B456368-42B0-412B-B31D-DFE369F2BEE3}.Debug|Any CPU.ActiveCfg = Debug|Any CPU
		{1B456368-42B0-412B-B31D-DFE369F2BEE3}.Debug|Any CPU.Build.0 = Debug|Any CPU
		{1B456368-42B0-412B-B31D-DFE369F2BEE3}.Debug|x64.ActiveCfg = Debug|Any CPU
		{1B456368-42B0-412B-B31D-DFE369F2BEE3}.Debug|x64.Build.0 = Debug|Any CPU
		{1B456368-42B0-412B-B31D-DFE369F2BEE3}.Release|Any CPU.ActiveCfg = Release|Any CPU
		{1B456368-42B0-412B-B31D-DFE369F2BEE3}.Release|Any CPU.Build.0 = Release|Any CPU
		{1B456368-42B0-412B-B31D-DFE369F2BEE3}.Release|x64.ActiveCfg = Release|Any CPU
		{1B456368-42B0-412B-B31D-DFE369F2BEE3}.Release|x64.Build.0 = Release|Any CPU
		{A6CCAFE6-26D8-4B2C-9B2D-1895788DA246}.Debug|Any CPU.ActiveCfg = Debug|Any CPU
		{A6CCAFE6-26D8-4B2C-9B2D-1895788DA246}.Debug|Any CPU.Build.0 = Debug|Any CPU
		{A6CCAFE6-26D8-4B2C-9B2D-1895788DA246}.Debug|x64.ActiveCfg = Debug|Any CPU
		{A6CCAFE6-26D8-4B2C-9B2D-1895788DA246}.Debug|x64.Build.0 = Debug|Any CPU
		{A6CCAFE6-26D8-4B2C-9B2D-1895788DA246}.Release|Any CPU.ActiveCfg = Release|Any CPU
		{A6CCAFE6-26D8-4B2C-9B2D-1895788DA246}.Release|Any CPU.Build.0 = Release|Any CPU
		{A6CCAFE6-26D8-4B2C-9B2D-1895788DA246}.Release|x64.ActiveCfg = Release|Any CPU
		{A6CCAFE6-26D8-4B2C-9B2D-1895788DA246}.Release|x64.Build.0 = Release|Any CPU
		{B52CF0A5-330F-44E5-953E-9483D54D8F66}.Debug|Any CPU.ActiveCfg = Debug|Any CPU
		{B52CF0A5-330F-44E5-953E-9483D54D8F66}.Debug|Any CPU.Build.0 = Debug|Any CPU
		{B52CF0A5-330F-44E5-953E-9483D54D8F66}.Debug|x64.ActiveCfg = Debug|Any CPU
		{B52CF0A5-330F-44E5-953E-9483D54D8F66}.Debug|x64.Build.0 = Debug|Any CPU
		{B52CF0A5-330F-44E5-953E-9483D54D8F66}.Release|Any CPU.ActiveCfg = Release|Any CPU
		{B52CF0A5-330F-44E5-953E-9483D54D8F66}.Release|Any CPU.Build.0 = Release|Any CPU
		{B52CF0A5-330F-44E5-953E-9483D54D8F66}.Release|x64.ActiveCfg = Release|Any CPU
		{B52CF0A5-330F-44E5-953E-9483D54D8F66}.Release|x64.Build.0 = Release|Any CPU
		{847EFAFA-F061-4350-81A8-A1D211AAC62B}.Debug|Any CPU.ActiveCfg = Debug|x64
		{847EFAFA-F061-4350-81A8-A1D211AAC62B}.Debug|Any CPU.Build.0 = Debug|x64
		{847EFAFA-F061-4350-81A8-A1D211AAC62B}.Debug|x64.ActiveCfg = Debug|x64
		{847EFAFA-F061-4350-81A8-A1D211AAC62B}.Debug|x64.Build.0 = Debug|x64
		{847EFAFA-F061-4350-81A8-A1D211AAC62B}.Release|Any CPU.ActiveCfg = Release|x64
		{847EFAFA-F061-4350-81A8-A1D211AAC62B}.Release|Any CPU.Build.0 = Release|x64
		{847EFAFA-F061-4350-81A8-A1D211AAC62B}.Release|x64.ActiveCfg = Release|x64
		{847EFAFA-F061-4350-81A8-A1D211AAC62B}.Release|x64.Build.0 = Release|x64
	EndGlobalSection
	GlobalSection(SolutionProperties) = preSolution
		HideSolutionNode = FALSE
	EndGlobalSection
	GlobalSection(NestedProjects) = preSolution
		{7AC63864-7638-41C4-969C-D3197EF2BED9} = {186217DA-744C-45D7-A040-67A279EE34C8}
		{7168F82F-288A-42C4-9EB1-FBBE5112F211} = {186217DA-744C-45D7-A040-67A279EE34C8}
		{FB2A5786-CD2E-42CE-BC5D-0FCE90034221} = {186217DA-744C-45D7-A040-67A279EE34C8}
		{D01B1D20-8F5B-4834-8E5C-C7EC6DD587D4} = {186217DA-744C-45D7-A040-67A279EE34C8}
	EndGlobalSection
	GlobalSection(ExtensibilityGlobals) = postSolution
		SolutionGuid = {044F5710-CD07-4D96-8879-35D70E5AF5CD}
	EndGlobalSection
EndGlobal
